
Microsoft Visual Studio Solution File, Format Version 12.00
# Visual Studio Version 17
VisualStudioVersion = 17.7.34009.444
MinimumVisualStudioVersion = 10.0.40219.1
Project("{FAE04EC0-301F-11D3-BF4B-00C04F79EFBC}") = "PISite-App", "PISite-App\PISite-App.csproj", "{0691EE53-F28D-48DA-9E24-B4EEEE095FE3}"
EndProject
Global
	GlobalSection(SolutionConfigurationPlatforms) = preSolution
		Debug|Any CPU = Debug|Any CPU
		Release|Any CPU = Release|Any CPU
	EndGlobalSection
	GlobalSection(ProjectConfigurationPlatforms) = postSolution
		{0691EE53-F28D-48DA-9E24-B4EEEE095FE3}.Debug|Any CPU.ActiveCfg = Debug|Any CPU
		{0691EE53-F28D-48DA-9E24-B4EEEE095FE3}.Debug|Any CPU.Build.0 = Debug|Any CPU
		{0691EE53-F28D-48DA-9E24-B4EEEE095FE3}.Release|Any CPU.ActiveCfg = Release|Any CPU
		{0691EE53-F28D-48DA-9E24-B4EEEE095FE3}.Release|Any CPU.Build.0 = Release|Any CPU
	EndGlobalSection
	GlobalSection(SolutionProperties) = preSolution
		HideSolutionNode = FALSE
	EndGlobalSection
	GlobalSection(ExtensibilityGlobals) = postSolution
		SolutionGuid = {CC325813-59E8-4419-AD91-AA57CEA73051}
	EndGlobalSection
EndGlobal
